// !$*UTF8*$!
{
	archiveVersion = 1;
	classes = {
	};
	objectVersion = 50;
	objects = {

/* Begin PBXBuildFile section */
		3E0002362812D6ED005351AA /* AppDelegate.swift in Sources */ = {isa = PBXBuildFile; fileRef = 3E0002352812D6ED005351AA /* AppDelegate.swift */; };
		3E0002382812D6ED005351AA /* SceneDelegate.swift in Sources */ = {isa = PBXBuildFile; fileRef = 3E0002372812D6ED005351AA /* SceneDelegate.swift */; };
		3E00023A2812D6ED005351AA /* LoginscreenController.swift in Sources */ = {isa = PBXBuildFile; fileRef = 3E0002392812D6ED005351AA /* LoginscreenController.swift */; };
		3E00023D2812D6ED005351AA /* Main.storyboard in Resources */ = {isa = PBXBuildFile; fileRef = 3E00023B2812D6ED005351AA /* Main.storyboard */; };
		3E00023F2812D6EF005351AA /* Assets.xcassets in Resources */ = {isa = PBXBuildFile; fileRef = 3E00023E2812D6EF005351AA /* Assets.xcassets */; };
		3E0002422812D6EF005351AA /* LaunchScreen.storyboard in Resources */ = {isa = PBXBuildFile; fileRef = 3E0002402812D6EF005351AA /* LaunchScreen.storyboard */; };
		3E068783281FF3910016963F /* Validation.swift in Sources */ = {isa = PBXBuildFile; fileRef = 3E068782281FF3910016963F /* Validation.swift */; };
		3E105990283CC14D00449187 /* ProfileController.swift in Sources */ = {isa = PBXBuildFile; fileRef = 3E10598F283CC14D00449187 /* ProfileController.swift */; };
		3E1439B028210CE40005840F /* StructDataCallBackApi.swift in Sources */ = {isa = PBXBuildFile; fileRef = 3E1439AF28210CE40005840F /* StructDataCallBackApi.swift */; };
		3E182C59283D18C40049D7B9 /* ProductModel.swift in Sources */ = {isa = PBXBuildFile; fileRef = 3E182C58283D18C40049D7B9 /* ProductModel.swift */; };
		3E182C5D283D26900049D7B9 /* ProductShopTableViewCell.swift in Sources */ = {isa = PBXBuildFile; fileRef = 3E182C5C283D26900049D7B9 /* ProductShopTableViewCell.swift */; };
		3E182C60283D28330049D7B9 /* ShopController.swift in Sources */ = {isa = PBXBuildFile; fileRef = 3E182C5F283D28330049D7B9 /* ShopController.swift */; };
		3E29C4BF283E87DA00DB3623 /* ManageController.swift in Sources */ = {isa = PBXBuildFile; fileRef = 3E29C4BE283E87DA00DB3623 /* ManageController.swift */; };
		3E29C4C2283E935700DB3623 /* ProductManageTableViewCell.swift in Sources */ = {isa = PBXBuildFile; fileRef = 3E29C4C1283E935700DB3623 /* ProductManageTableViewCell.swift */; };
		3E29C4C5283E951800DB3623 /* ProductManageController.swift in Sources */ = {isa = PBXBuildFile; fileRef = 3E29C4C4283E951800DB3623 /* ProductManageController.swift */; };
		3E29C4C8283EAADC00DB3623 /* CreateOrUpdateProductController.swift in Sources */ = {isa = PBXBuildFile; fileRef = 3E29C4C7283EAADC00DB3623 /* CreateOrUpdateProductController.swift */; };
		3E35EAFC283BA0FF00D40D23 /* UserModel.swift in Sources */ = {isa = PBXBuildFile; fileRef = 3E35EAFB283BA0FF00D40D23 /* UserModel.swift */; };
		3E3E613F2826490100268A2F /* MainController.swift in Sources */ = {isa = PBXBuildFile; fileRef = 3E3E613E2826490100268A2F /* MainController.swift */; };
		3E4937DC28202201005593F3 /* CallAPI.swift in Sources */ = {isa = PBXBuildFile; fileRef = 3E4937DB28202201005593F3 /* CallAPI.swift */; };
		3E7F88E92838C96E00F9749B /* ForgetPasswordController.swift in Sources */ = {isa = PBXBuildFile; fileRef = 3E7F88E82838C96E00F9749B /* ForgetPasswordController.swift */; };
		3E8F755D283F75320073760E /* UserManageTableViewCell.swift in Sources */ = {isa = PBXBuildFile; fileRef = 3E8F755C283F75320073760E /* UserManageTableViewCell.swift */; };
		3E8F7560283F78EB0073760E /* UserManageController.swift in Sources */ = {isa = PBXBuildFile; fileRef = 3E8F755F283F78EA0073760E /* UserManageController.swift */; };
		3E8F7563283F86150073760E /* CreateUserController.swift in Sources */ = {isa = PBXBuildFile; fileRef = 3E8F7562283F86150073760E /* CreateUserController.swift */; };
/* End PBXBuildFile section */

/* Begin PBXFileReference section */
		3E0002322812D6ED005351AA /* Et O Et Coffee Manager.app */ = {isa = PBXFileReference; explicitFileType = wrapper.application; includeInIndex = 0; path = "Et O Et Coffee Manager.app"; sourceTree = BUILT_PRODUCTS_DIR; };
		3E0002352812D6ED005351AA /* AppDelegate.swift */ = {isa = PBXFileReference; lastKnownFileType = sourcecode.swift; path = AppDelegate.swift; sourceTree = "<group>"; };
		3E0002372812D6ED005351AA /* SceneDelegate.swift */ = {isa = PBXFileReference; lastKnownFileType = sourcecode.swift; path = SceneDelegate.swift; sourceTree = "<group>"; };
		3E0002392812D6ED005351AA /* LoginscreenController.swift */ = {isa = PBXFileReference; lastKnownFileType = sourcecode.swift; path = LoginscreenController.swift; sourceTree = "<group>"; };
		3E00023C2812D6ED005351AA /* Base */ = {isa = PBXFileReference; lastKnownFileType = file.storyboard; name = Base; path = Base.lproj/Main.storyboard; sourceTree = "<group>"; };
		3E00023E2812D6EF005351AA /* Assets.xcassets */ = {isa = PBXFileReference; lastKnownFileType = folder.assetcatalog; path = Assets.xcassets; sourceTree = "<group>"; };
		3E0002412812D6EF005351AA /* Base */ = {isa = PBXFileReference; lastKnownFileType = file.storyboard; name = Base; path = Base.lproj/LaunchScreen.storyboard; sourceTree = "<group>"; };
		3E0002432812D6EF005351AA /* Info.plist */ = {isa = PBXFileReference; lastKnownFileType = text.plist.xml; path = Info.plist; sourceTree = "<group>"; };
		3E068782281FF3910016963F /* Validation.swift */ = {isa = PBXFileReference; lastKnownFileType = sourcecode.swift; path = Validation.swift; sourceTree = "<group>"; };
		3E10598F283CC14D00449187 /* ProfileController.swift */ = {isa = PBXFileReference; lastKnownFileType = sourcecode.swift; path = ProfileController.swift; sourceTree = "<group>"; };
		3E1439AF28210CE40005840F /* StructDataCallBackApi.swift */ = {isa = PBXFileReference; lastKnownFileType = sourcecode.swift; path = StructDataCallBackApi.swift; sourceTree = "<group>"; };
		3E182C58283D18C40049D7B9 /* ProductModel.swift */ = {isa = PBXFileReference; lastKnownFileType = sourcecode.swift; path = ProductModel.swift; sourceTree = "<group>"; };
		3E182C5C283D26900049D7B9 /* ProductShopTableViewCell.swift */ = {isa = PBXFileReference; lastKnownFileType = sourcecode.swift; path = ProductShopTableViewCell.swift; sourceTree = "<group>"; };
		3E182C5F283D28330049D7B9 /* ShopController.swift */ = {isa = PBXFileReference; lastKnownFileType = sourcecode.swift; path = ShopController.swift; sourceTree = "<group>"; };
		3E29C4BE283E87DA00DB3623 /* ManageController.swift */ = {isa = PBXFileReference; lastKnownFileType = sourcecode.swift; path = ManageController.swift; sourceTree = "<group>"; };
		3E29C4C1283E935700DB3623 /* ProductManageTableViewCell.swift */ = {isa = PBXFileReference; lastKnownFileType = sourcecode.swift; path = ProductManageTableViewCell.swift; sourceTree = "<group>"; };
		3E29C4C4283E951800DB3623 /* ProductManageController.swift */ = {isa = PBXFileReference; lastKnownFileType = sourcecode.swift; path = ProductManageController.swift; sourceTree = "<group>"; };
		3E29C4C7283EAADC00DB3623 /* CreateOrUpdateProductController.swift */ = {isa = PBXFileReference; lastKnownFileType = sourcecode.swift; path = CreateOrUpdateProductController.swift; sourceTree = "<group>"; };
		3E35EAFB283BA0FF00D40D23 /* UserModel.swift */ = {isa = PBXFileReference; lastKnownFileType = sourcecode.swift; path = UserModel.swift; sourceTree = "<group>"; };
		3E3E613E2826490100268A2F /* MainController.swift */ = {isa = PBXFileReference; lastKnownFileType = sourcecode.swift; path = MainController.swift; sourceTree = "<group>"; };
		3E4937DB28202201005593F3 /* CallAPI.swift */ = {isa = PBXFileReference; lastKnownFileType = sourcecode.swift; path = CallAPI.swift; sourceTree = "<group>"; };
		3E7F88E82838C96E00F9749B /* ForgetPasswordController.swift */ = {isa = PBXFileReference; lastKnownFileType = sourcecode.swift; path = ForgetPasswordController.swift; sourceTree = "<group>"; };
		3E8F755C283F75320073760E /* UserManageTableViewCell.swift */ = {isa = PBXFileReference; lastKnownFileType = sourcecode.swift; path = UserManageTableViewCell.swift; sourceTree = "<group>"; };
		3E8F755F283F78EA0073760E /* UserManageController.swift */ = {isa = PBXFileReference; lastKnownFileType = sourcecode.swift; path = UserManageController.swift; sourceTree = "<group>"; };
		3E8F7562283F86150073760E /* CreateUserController.swift */ = {isa = PBXFileReference; lastKnownFileType = sourcecode.swift; path = CreateUserController.swift; sourceTree = "<group>"; };
/* End PBXFileReference section */

/* Begin PBXFrameworksBuildPhase section */
		3E00022F2812D6ED005351AA /* Frameworks */ = {
			isa = PBXFrameworksBuildPhase;
			buildActionMask = 2147483647;
			files = (
			);
			runOnlyForDeploymentPostprocessing = 0;
		};
/* End PBXFrameworksBuildPhase section */

/* Begin PBXGroup section */
		3E0002292812D6ED005351AA = {
			isa = PBXGroup;
			children = (
				3E0002342812D6ED005351AA /* project_ios */,
				3E0002332812D6ED005351AA /* Products */,
			);
			sourceTree = "<group>";
		};
		3E0002332812D6ED005351AA /* Products */ = {
			isa = PBXGroup;
			children = (
				3E0002322812D6ED005351AA /* Et O Et Coffee Manager.app */,
			);
			name = Products;
			sourceTree = "<group>";
		};
		3E0002342812D6ED005351AA /* project_ios */ = {
			isa = PBXGroup;
			children = (
				3E00023B2812D6ED005351AA /* Main.storyboard */,
				3E182C5B283D262C0049D7B9 /* TableViewCell */,
				3E35EAFA283BA08900D40D23 /* Models */,
				3E068781281FF3480016963F /* Class */,
				3E00024B2812D794005351AA /* Controllers */,
				3E00024A2812D74E005351AA /* SystemFiles */,
			);
			path = project_ios;
			sourceTree = "<group>";
		};
		3E00024A2812D74E005351AA /* SystemFiles */ = {
			isa = PBXGroup;
			children = (
				3E0002432812D6EF005351AA /* Info.plist */,
				3E0002402812D6EF005351AA /* LaunchScreen.storyboard */,
				3E00023E2812D6EF005351AA /* Assets.xcassets */,
				3E0002372812D6ED005351AA /* SceneDelegate.swift */,
				3E0002352812D6ED005351AA /* AppDelegate.swift */,
			);
			name = SystemFiles;
			sourceTree = "<group>";
		};
		3E00024B2812D794005351AA /* Controllers */ = {
			isa = PBXGroup;
			children = (
				3E0002392812D6ED005351AA /* LoginscreenController.swift */,
				3E3E613E2826490100268A2F /* MainController.swift */,
				3E7F88E82838C96E00F9749B /* ForgetPasswordController.swift */,
				3E10598F283CC14D00449187 /* ProfileController.swift */,
				3E182C5F283D28330049D7B9 /* ShopController.swift */,
				3E29C4BE283E87DA00DB3623 /* ManageController.swift */,
				3E29C4C4283E951800DB3623 /* ProductManageController.swift */,
				3E29C4C7283EAADC00DB3623 /* CreateOrUpdateProductController.swift */,
				3E8F755F283F78EA0073760E /* UserManageController.swift */,
				3E8F7562283F86150073760E /* CreateUserController.swift */,
			);
			path = Controllers;
			sourceTree = "<group>";
		};
		3E068781281FF3480016963F /* Class */ = {
			isa = PBXGroup;
			children = (
				3E068782281FF3910016963F /* Validation.swift */,
				3E4937DB28202201005593F3 /* CallAPI.swift */,
				3E1439AF28210CE40005840F /* StructDataCallBackApi.swift */,
			);
			name = Class;
			sourceTree = "<group>";
		};
		3E182C5B283D262C0049D7B9 /* TableViewCell */ = {
			isa = PBXGroup;
			children = (
				3E182C5C283D26900049D7B9 /* ProductShopTableViewCell.swift */,
				3E29C4C1283E935700DB3623 /* ProductManageTableViewCell.swift */,
				3E8F755C283F75320073760E /* UserManageTableViewCell.swift */,
			);
			name = TableViewCell;
			sourceTree = "<group>";
		};
		3E35EAFA283BA08900D40D23 /* Models */ = {
			isa = PBXGroup;
			children = (
				3E35EAFB283BA0FF00D40D23 /* UserModel.swift */,
				3E182C58283D18C40049D7B9 /* ProductModel.swift */,
			);
			path = Models;
			sourceTree = "<group>";
		};
/* End PBXGroup section */

/* Begin PBXNativeTarget section */
		3E0002312812D6ED005351AA /* Et O Et Coffee Manager */ = {
			isa = PBXNativeTarget;
			buildConfigurationList = 3E0002462812D6EF005351AA /* Build configuration list for PBXNativeTarget "Et O Et Coffee Manager" */;
			buildPhases = (
				3E00022E2812D6ED005351AA /* Sources */,
				3E00022F2812D6ED005351AA /* Frameworks */,
				3E0002302812D6ED005351AA /* Resources */,
			);
			buildRules = (
			);
			dependencies = (
			);
			name = "Et O Et Coffee Manager";
			productName = project_ios;
			productReference = 3E0002322812D6ED005351AA /* Et O Et Coffee Manager.app */;
			productType = "com.apple.product-type.application";
		};
/* End PBXNativeTarget section */

/* Begin PBXProject section */
		3E00022A2812D6ED005351AA /* Project object */ = {
			isa = PBXProject;
			attributes = {
				LastSwiftUpdateCheck = 1240;
				LastUpgradeCheck = 1240;
				TargetAttributes = {
					3E0002312812D6ED005351AA = {
						CreatedOnToolsVersion = 12.4;
					};
				};
			};
			buildConfigurationList = 3E00022D2812D6ED005351AA /* Build configuration list for PBXProject "Et O Et Coffee Manager" */;
			compatibilityVersion = "Xcode 9.3";
			developmentRegion = en;
			hasScannedForEncodings = 0;
			knownRegions = (
				en,
				Base,
			);
			mainGroup = 3E0002292812D6ED005351AA;
			productRefGroup = 3E0002332812D6ED005351AA /* Products */;
			projectDirPath = "";
			projectRoot = "";
			targets = (
				3E0002312812D6ED005351AA /* Et O Et Coffee Manager */,
			);
		};
/* End PBXProject section */

/* Begin PBXResourcesBuildPhase section */
		3E0002302812D6ED005351AA /* Resources */ = {
			isa = PBXResourcesBuildPhase;
			buildActionMask = 2147483647;
			files = (
				3E0002422812D6EF005351AA /* LaunchScreen.storyboard in Resources */,
				3E00023F2812D6EF005351AA /* Assets.xcassets in Resources */,
				3E00023D2812D6ED005351AA /* Main.storyboard in Resources */,
			);
			runOnlyForDeploymentPostprocessing = 0;
		};
/* End PBXResourcesBuildPhase section */

/* Begin PBXSourcesBuildPhase section */
		3E00022E2812D6ED005351AA /* Sources */ = {
			isa = PBXSourcesBuildPhase;
			buildActionMask = 2147483647;
			files = (
				3E00023A2812D6ED005351AA /* LoginscreenController.swift in Sources */,
				3E29C4C2283E935700DB3623 /* ProductManageTableViewCell.swift in Sources */,
				3E3E613F2826490100268A2F /* MainController.swift in Sources */,
				3E4937DC28202201005593F3 /* CallAPI.swift in Sources */,
				3E8F7563283F86150073760E /* CreateUserController.swift in Sources */,
				3E0002362812D6ED005351AA /* AppDelegate.swift in Sources */,
				3E182C60283D28330049D7B9 /* ShopController.swift in Sources */,
				3E29C4C5283E951800DB3623 /* ProductManageController.swift in Sources */,
				3E068783281FF3910016963F /* Validation.swift in Sources */,
				3E29C4BF283E87DA00DB3623 /* ManageController.swift in Sources */,
				3E8F755D283F75320073760E /* UserManageTableViewCell.swift in Sources */,
				3E105990283CC14D00449187 /* ProfileController.swift in Sources */,
				3E29C4C8283EAADC00DB3623 /* CreateOrUpdateProductController.swift in Sources */,
				3E1439B028210CE40005840F /* StructDataCallBackApi.swift in Sources */,
				3E182C59283D18C40049D7B9 /* ProductModel.swift in Sources */,
				3E8F7560283F78EB0073760E /* UserManageController.swift in Sources */,
				3E0002382812D6ED005351AA /* SceneDelegate.swift in Sources */,
				3E35EAFC283BA0FF00D40D23 /* UserModel.swift in Sources */,
				3E7F88E92838C96E00F9749B /* ForgetPasswordController.swift in Sources */,
				3E182C5D283D26900049D7B9 /* ProductShopTableViewCell.swift in Sources */,
			);
			runOnlyForDeploymentPostprocessing = 0;
		};
/* End PBXSourcesBuildPhase section */

/* Begin PBXVariantGroup section */
		3E00023B2812D6ED005351AA /* Main.storyboard */ = {
			isa = PBXVariantGroup;
			children = (
				3E00023C2812D6ED005351AA /* Base */,
			);
			name = Main.storyboard;
			sourceTree = "<group>";
		};
		3E0002402812D6EF005351AA /* LaunchScreen.storyboard */ = {
			isa = PBXVariantGroup;
			children = (
				3E0002412812D6EF005351AA /* Base */,
			);
			name = LaunchScreen.storyboard;
			sourceTree = "<group>";
		};
/* End PBXVariantGroup section */

/* Begin XCBuildConfiguration section */
		3E0002442812D6EF005351AA /* Debug */ = {
			isa = XCBuildConfiguration;
			buildSettings = {
				ALWAYS_SEARCH_USER_PATHS = NO;
				CLANG_ANALYZER_NONNULL = YES;
				CLANG_ANALYZER_NUMBER_OBJECT_CONVERSION = YES_AGGRESSIVE;
				CLANG_CXX_LANGUAGE_STANDARD = "gnu++14";
				CLANG_CXX_LIBRARY = "libc++";
				CLANG_ENABLE_MODULES = YES;
				CLANG_ENABLE_OBJC_ARC = YES;
				CLANG_ENABLE_OBJC_WEAK = YES;
				CLANG_WARN_BLOCK_CAPTURE_AUTORELEASING = YES;
				CLANG_WARN_BOOL_CONVERSION = YES;
				CLANG_WARN_COMMA = YES;
				CLANG_WARN_CONSTANT_CONVERSION = YES;
				CLANG_WARN_DEPRECATED_OBJC_IMPLEMENTATIONS = YES;
				CLANG_WARN_DIRECT_OBJC_ISA_USAGE = YES_ERROR;
				CLANG_WARN_DOCUMENTATION_COMMENTS = YES;
				CLANG_WARN_EMPTY_BODY = YES;
				CLANG_WARN_ENUM_CONVERSION = YES;
				CLANG_WARN_INFINITE_RECURSION = YES;
				CLANG_WARN_INT_CONVERSION = YES;
				CLANG_WARN_NON_LITERAL_NULL_CONVERSION = YES;
				CLANG_WARN_OBJC_IMPLICIT_RETAIN_SELF = YES;
				CLANG_WARN_OBJC_LITERAL_CONVERSION = YES;
				CLANG_WARN_OBJC_ROOT_CLASS = YES_ERROR;
				CLANG_WARN_QUOTED_INCLUDE_IN_FRAMEWORK_HEADER = YES;
				CLANG_WARN_RANGE_LOOP_ANALYSIS = YES;
				CLANG_WARN_STRICT_PROTOTYPES = YES;
				CLANG_WARN_SUSPICIOUS_MOVE = YES;
				CLANG_WARN_UNGUARDED_AVAILABILITY = YES_AGGRESSIVE;
				CLANG_WARN_UNREACHABLE_CODE = YES;
				CLANG_WARN__DUPLICATE_METHOD_MATCH = YES;
				COPY_PHASE_STRIP = NO;
				DEBUG_INFORMATION_FORMAT = dwarf;
				ENABLE_STRICT_OBJC_MSGSEND = YES;
				ENABLE_TESTABILITY = YES;
				GCC_C_LANGUAGE_STANDARD = gnu11;
				GCC_DYNAMIC_NO_PIC = NO;
				GCC_NO_COMMON_BLOCKS = YES;
				GCC_OPTIMIZATION_LEVEL = 0;
				GCC_PREPROCESSOR_DEFINITIONS = (
					"DEBUG=1",
					"$(inherited)",
				);
				GCC_WARN_64_TO_32_BIT_CONVERSION = YES;
				GCC_WARN_ABOUT_RETURN_TYPE = YES_ERROR;
				GCC_WARN_UNDECLARED_SELECTOR = YES;
				GCC_WARN_UNINITIALIZED_AUTOS = YES_AGGRESSIVE;
				GCC_WARN_UNUSED_FUNCTION = YES;
				GCC_WARN_UNUSED_VARIABLE = YES;
				IPHONEOS_DEPLOYMENT_TARGET = 14.4;
				MTL_ENABLE_DEBUG_INFO = INCLUDE_SOURCE;
				MTL_FAST_MATH = YES;
				ONLY_ACTIVE_ARCH = YES;
				SDKROOT = iphoneos;
				SWIFT_ACTIVE_COMPILATION_CONDITIONS = DEBUG;
				SWIFT_OPTIMIZATION_LEVEL = "-Onone";
			};
			name = Debug;
		};
		3E0002452812D6EF005351AA /* Release */ = {
			isa = XCBuildConfiguration;
			buildSettings = {
				ALWAYS_SEARCH_USER_PATHS = NO;
				CLANG_ANALYZER_NONNULL = YES;
				CLANG_ANALYZER_NUMBER_OBJECT_CONVERSION = YES_AGGRESSIVE;
				CLANG_CXX_LANGUAGE_STANDARD = "gnu++14";
				CLANG_CXX_LIBRARY = "libc++";
				CLANG_ENABLE_MODULES = YES;
				CLANG_ENABLE_OBJC_ARC = YES;
				CLANG_ENABLE_OBJC_WEAK = YES;
				CLANG_WARN_BLOCK_CAPTURE_AUTORELEASING = YES;
				CLANG_WARN_BOOL_CONVERSION = YES;
				CLANG_WARN_COMMA = YES;
				CLANG_WARN_CONSTANT_CONVERSION = YES;
				CLANG_WARN_DEPRECATED_OBJC_IMPLEMENTATIONS = YES;
				CLANG_WARN_DIRECT_OBJC_ISA_USAGE = YES_ERROR;
				CLANG_WARN_DOCUMENTATION_COMMENTS = YES;
				CLANG_WARN_EMPTY_BODY = YES;
				CLANG_WARN_ENUM_CONVERSION = YES;
				CLANG_WARN_INFINITE_RECURSION = YES;
				CLANG_WARN_INT_CONVERSION = YES;
				CLANG_WARN_NON_LITERAL_NULL_CONVERSION = YES;
				CLANG_WARN_OBJC_IMPLICIT_RETAIN_SELF = YES;
				CLANG_WARN_OBJC_LITERAL_CONVERSION = YES;
				CLANG_WARN_OBJC_ROOT_CLASS = YES_ERROR;
				CLANG_WARN_QUOTED_INCLUDE_IN_FRAMEWORK_HEADER = YES;
				CLANG_WARN_RANGE_LOOP_ANALYSIS = YES;
				CLANG_WARN_STRICT_PROTOTYPES = YES;
				CLANG_WARN_SUSPICIOUS_MOVE = YES;
				CLANG_WARN_UNGUARDED_AVAILABILITY = YES_AGGRESSIVE;
				CLANG_WARN_UNREACHABLE_CODE = YES;
				CLANG_WARN__DUPLICATE_METHOD_MATCH = YES;
				COPY_PHASE_STRIP = NO;
				DEBUG_INFORMATION_FORMAT = "dwarf-with-dsym";
				ENABLE_NS_ASSERTIONS = NO;
				ENABLE_STRICT_OBJC_MSGSEND = YES;
				GCC_C_LANGUAGE_STANDARD = gnu11;
				GCC_NO_COMMON_BLOCKS = YES;
				GCC_WARN_64_TO_32_BIT_CONVERSION = YES;
				GCC_WARN_ABOUT_RETURN_TYPE = YES_ERROR;
				GCC_WARN_UNDECLARED_SELECTOR = YES;
				GCC_WARN_UNINITIALIZED_AUTOS = YES_AGGRESSIVE;
				GCC_WARN_UNUSED_FUNCTION = YES;
				GCC_WARN_UNUSED_VARIABLE = YES;
				IPHONEOS_DEPLOYMENT_TARGET = 14.4;
				MTL_ENABLE_DEBUG_INFO = NO;
				MTL_FAST_MATH = YES;
				SDKROOT = iphoneos;
				SWIFT_COMPILATION_MODE = wholemodule;
				SWIFT_OPTIMIZATION_LEVEL = "-O";
				VALIDATE_PRODUCT = YES;
			};
			name = Release;
		};
		3E0002472812D6EF005351AA /* Debug */ = {
			isa = XCBuildConfiguration;
			buildSettings = {
				ASSETCATALOG_COMPILER_APPICON_NAME = AppIcon;
				ASSETCATALOG_COMPILER_GLOBAL_ACCENT_COLOR_NAME = AccentColor;
				CODE_SIGN_STYLE = Automatic;
				INFOPLIST_FILE = project_ios/Info.plist;
				LD_RUNPATH_SEARCH_PATHS = (
					"$(inherited)",
					"@executable_path/Frameworks",
				);
				PRODUCT_BUNDLE_IDENTIFIER = "tdc.edu.vn.project-ios";
				PRODUCT_NAME = "$(TARGET_NAME)";
				SWIFT_VERSION = 5.0;
				TARGETED_DEVICE_FAMILY = "1,2";
			};
			name = Debug;
		};
		3E0002482812D6EF005351AA /* Release */ = {
			isa = XCBuildConfiguration;
			buildSettings = {
				ASSETCATALOG_COMPILER_APPICON_NAME = AppIcon;
				ASSETCATALOG_COMPILER_GLOBAL_ACCENT_COLOR_NAME = AccentColor;
				CODE_SIGN_STYLE = Automatic;
				INFOPLIST_FILE = project_ios/Info.plist;
				LD_RUNPATH_SEARCH_PATHS = (
					"$(inherited)",
					"@executable_path/Frameworks",
				);
				PRODUCT_BUNDLE_IDENTIFIER = "tdc.edu.vn.project-ios";
				PRODUCT_NAME = "$(TARGET_NAME)";
				SWIFT_VERSION = 5.0;
				TARGETED_DEVICE_FAMILY = "1,2";
			};
			name = Release;
		};
/* End XCBuildConfiguration section */

/* Begin XCConfigurationList section */
		3E00022D2812D6ED005351AA /* Build configuration list for PBXProject "Et O Et Coffee Manager" */ = {
			isa = XCConfigurationList;
			buildConfigurations = (
				3E0002442812D6EF005351AA /* Debug */,
				3E0002452812D6EF005351AA /* Release */,
			);
			defaultConfigurationIsVisible = 0;
			defaultConfigurationName = Release;
		};
		3E0002462812D6EF005351AA /* Build configuration list for PBXNativeTarget "Et O Et Coffee Manager" */ = {
			isa = XCConfigurationList;
			buildConfigurations = (
				3E0002472812D6EF005351AA /* Debug */,
				3E0002482812D6EF005351AA /* Release */,
			);
			defaultConfigurationIsVisible = 0;
			defaultConfigurationName = Release;
		};
/* End XCConfigurationList section */
	};
	rootObject = 3E00022A2812D6ED005351AA /* Project object */;
}
